
Microsoft Visual Studio Solution File, Format Version 12.00
# Visual Studio Version 17
VisualStudioVersion = 17.1.32319.34
MinimumVisualStudioVersion = 10.0.40219.1
Project("{9A19103F-16F7-4668-BE54-9A1E7A4F7556}") = "ConsoleClient", "ConsoleClient.csproj", "{AEE7F54C-E506-4C38-8AD0-ED2E38279893}"
EndProject
Project("{9A19103F-16F7-4668-BE54-9A1E7A4F7556}") = "ASPCoreServer", "..\ASPCoreServer\ASPCoreServer.csproj", "{34BE1A25-8AF0-4BA8-BF3A-18F27700B285}"
EndProject
Project("{FAE04EC0-301F-11D3-BF4B-00C04F79EFBC}") = "WindowsFromsClient", "..\WindowsFromsClient\WindowsFromsClient.csproj", "{497D6ADF-C064-4881-9A02-7FE154AAF634}"
EndProject
Global
	GlobalSection(SolutionConfigurationPlatforms) = preSolution
		Debug|Any CPU = Debug|Any CPU
		Release|Any CPU = Release|Any CPU
	EndGlobalSection
	GlobalSection(ProjectConfigurationPlatforms) = postSolution
		{AEE7F54C-E506-4C38-8AD0-ED2E38279893}.Debug|Any CPU.ActiveCfg = Debug|Any CPU
		{AEE7F54C-E506-4C38-8AD0-ED2E38279893}.Debug|Any CPU.Build.0 = Debug|Any CPU
		{AEE7F54C-E506-4C38-8AD0-ED2E38279893}.Release|Any CPU.ActiveCfg = Release|Any CPU
		{AEE7F54C-E506-4C38-8AD0-ED2E38279893}.Release|Any CPU.Build.0 = Release|Any CPU
		{34BE1A25-8AF0-4BA8-BF3A-18F27700B285}.Debug|Any CPU.ActiveCfg = Debug|Any CPU
		{34BE1A25-8AF0-4BA8-BF3A-18F27700B285}.Debug|Any CPU.Build.0 = Debug|Any CPU
		{34BE1A25-8AF0-4BA8-BF3A-18F27700B285}.Release|Any CPU.ActiveCfg = Release|Any CPU
		{34BE1A25-8AF0-4BA8-BF3A-18F27700B285}.Release|Any CPU.Build.0 = Release|Any CPU
		{497D6ADF-C064-4881-9A02-7FE154AAF634}.Debug|Any CPU.ActiveCfg = Debug|Any CPU
		{497D6ADF-C064-4881-9A02-7FE154AAF634}.Debug|Any CPU.Build.0 = Debug|Any CPU
		{497D6ADF-C064-4881-9A02-7FE154AAF634}.Release|Any CPU.ActiveCfg = Release|Any CPU
		{497D6ADF-C064-4881-9A02-7FE154AAF634}.Release|Any CPU.Build.0 = Release|Any CPU
	EndGlobalSection
	GlobalSection(SolutionProperties) = preSolution
		HideSolutionNode = FALSE
	EndGlobalSection
	GlobalSection(ExtensibilityGlobals) = postSolution
		SolutionGuid = {BDC530BC-6662-49CC-B3D6-82615708F8F5}
	EndGlobalSection
EndGlobal
